
Microsoft Visual Studio Solution File, Format Version 12.00
# Visual Studio 15
VisualStudioVersion = 15.0.27703.2047
MinimumVisualStudioVersion = 10.0.40219.1
Project("{FAE04EC0-301F-11D3-BF4B-00C04F79EFBC}") = "CoreConsoleParser", "CoreConsoleParser\CoreConsoleParser.csproj", "{5D4378A0-59D8-4819-A9D0-146D7B6DC7B9}"
EndProject
Global
	GlobalSection(SolutionConfigurationPlatforms) = preSolution
		Debug|Any CPU = Debug|Any CPU
		Release|Any CPU = Release|Any CPU
	EndGlobalSection
	GlobalSection(ProjectConfigurationPlatforms) = postSolution
		{5D4378A0-59D8-4819-A9D0-146D7B6DC7B9}.Debug|Any CPU.ActiveCfg = Debug|Any CPU
		{5D4378A0-59D8-4819-A9D0-146D7B6DC7B9}.Debug|Any CPU.Build.0 = Debug|Any CPU
		{5D4378A0-59D8-4819-A9D0-146D7B6DC7B9}.Release|Any CPU.ActiveCfg = Release|Any CPU
		{5D4378A0-59D8-4819-A9D0-146D7B6DC7B9}.Release|Any CPU.Build.0 = Release|Any CPU
	EndGlobalSection
	GlobalSection(SolutionProperties) = preSolution
		HideSolutionNode = FALSE
	EndGlobalSection
	GlobalSection(ExtensibilityGlobals) = postSolution
		SolutionGuid = {41134BDF-B26A-476C-83DE-0E4CA4D869A3}
	EndGlobalSection
EndGlobal
