
Microsoft Visual Studio Solution File, Format Version 12.00
# Visual Studio 15
VisualStudioVersion = 15.0.27703.2047
MinimumVisualStudioVersion = 10.0.40219.1
Project("{9A19103F-16F7-4668-BE54-9A1E7A4F7556}") = "CoreConsoleParser", "CoreConsoleParser\CoreConsoleParser.csproj", "{5D4378A0-59D8-4819-A9D0-146D7B6DC7B9}"
EndProject
Global
	GlobalSection(SolutionConfigurationPlatforms) = preSolution
		Debug|Any CPU = Debug|Any CPU
		Debug|x64 = Debug|x64
		Release|Any CPU = Release|Any CPU
		Release|x64 = Release|x64
	EndGlobalSection
	GlobalSection(ProjectConfigurationPlatforms) = postSolution
		{5D4378A0-59D8-4819-A9D0-146D7B6DC7B9}.Debug|Any CPU.ActiveCfg = Debug|x64
		{5D4378A0-59D8-4819-A9D0-146D7B6DC7B9}.Debug|x64.ActiveCfg = Debug|x64
		{5D4378A0-59D8-4819-A9D0-146D7B6DC7B9}.Debug|x64.Build.0 = Debug|x64
		{5D4378A0-59D8-4819-A9D0-146D7B6DC7B9}.Release|Any CPU.ActiveCfg = Release|x64
		{5D4378A0-59D8-4819-A9D0-146D7B6DC7B9}.Release|x64.ActiveCfg = Release|x64
		{5D4378A0-59D8-4819-A9D0-146D7B6DC7B9}.Release|x64.Build.0 = Release|x64
	EndGlobalSection
	GlobalSection(SolutionProperties) = preSolution
		HideSolutionNode = FALSE
	EndGlobalSection
	GlobalSection(ExtensibilityGlobals) = postSolution
		SolutionGuid = {41134BDF-B26A-476C-83DE-0E4CA4D869A3}
	EndGlobalSection
EndGlobal
